
Microsoft Visual Studio Solution File, Format Version 12.00
# Visual Studio Version 16
VisualStudioVersion = 16.0.29230.47
MinimumVisualStudioVersion = 10.0.40219.1
Project("{9A19103F-16F7-4668-BE54-9A1E7A4F7556}") = "Factory", "DesignPatterns\Factory.csproj", "{BA97654E-FD81-4CAC-A5F8-D7E756AA1887}"
EndProject
Project("{FAE04EC0-301F-11D3-BF4B-00C04F79EFBC}") = "Prototype", "Prototype\Prototype.csproj", "{B9F0C399-C06D-4E26-8295-6DDE861DA40F}"
EndProject
Global
	GlobalSection(SolutionConfigurationPlatforms) = preSolution
		Debug|Any CPU = Debug|Any CPU
		Release|Any CPU = Release|Any CPU
	EndGlobalSection
	GlobalSection(ProjectConfigurationPlatforms) = postSolution
		{BA97654E-FD81-4CAC-A5F8-D7E756AA1887}.Debug|Any CPU.ActiveCfg = Debug|Any CPU
		{BA97654E-FD81-4CAC-A5F8-D7E756AA1887}.Debug|Any CPU.Build.0 = Debug|Any CPU
		{BA97654E-FD81-4CAC-A5F8-D7E756AA1887}.Release|Any CPU.ActiveCfg = Release|Any CPU
		{BA97654E-FD81-4CAC-A5F8-D7E756AA1887}.Release|Any CPU.Build.0 = Release|Any CPU
		{B9F0C399-C06D-4E26-8295-6DDE861DA40F}.Debug|Any CPU.ActiveCfg = Debug|Any CPU
		{B9F0C399-C06D-4E26-8295-6DDE861DA40F}.Debug|Any CPU.Build.0 = Debug|Any CPU
		{B9F0C399-C06D-4E26-8295-6DDE861DA40F}.Release|Any CPU.ActiveCfg = Release|Any CPU
		{B9F0C399-C06D-4E26-8295-6DDE861DA40F}.Release|Any CPU.Build.0 = Release|Any CPU
	EndGlobalSection
	GlobalSection(SolutionProperties) = preSolution
		HideSolutionNode = FALSE
	EndGlobalSection
	GlobalSection(ExtensibilityGlobals) = postSolution
		SolutionGuid = {1B517C60-4000-4033-897D-957B3B2D9FE5}
	EndGlobalSection
EndGlobal
